
Microsoft Visual Studio Solution File, Format Version 12.00
# Visual Studio 14
VisualStudioVersion = 14.0.25420.1
MinimumVisualStudioVersion = 10.0.40219.1
Project("{FAE04EC0-301F-11D3-BF4B-00C04F79EFBC}") = "Misc", "Misc\Misc.csproj", "{B13D4818-FA6A-4295-A78A-4222091673F1}"
EndProject
Project("{FAE04EC0-301F-11D3-BF4B-00C04F79EFBC}") = "MoonGravity", "MoonGravity\MoonGravity.csproj", "{E5486A26-D820-4968-A417-B1D543992C81}"
EndProject
Project("{FAE04EC0-301F-11D3-BF4B-00C04F79EFBC}") = "DividedBy", "DividedBy\DividedBy.csproj", "{74D42E6E-F379-46BD-B4CB-6D2896F30915}"
EndProject
Project("{FAE04EC0-301F-11D3-BF4B-00C04F79EFBC}") = "Rectangles", "Rectangles\Rectangles.csproj", "{6CFC2387-508B-479D-A625-104A679A124E}"
EndProject
Project("{FAE04EC0-301F-11D3-BF4B-00C04F79EFBC}") = "ThirdDigit", "ThirdDigit\ThirdDigit.csproj", "{A931D4FB-FF1B-47DB-A478-563DF65B4056}"
EndProject
Project("{FAE04EC0-301F-11D3-BF4B-00C04F79EFBC}") = "FourDigits", "FourDigits\FourDigits.csproj", "{EF9176AF-409C-4D40-8481-C02E03AFDD00}"
EndProject
Project("{FAE04EC0-301F-11D3-BF4B-00C04F79EFBC}") = "PointInCircle", "PointInCircle\PointInCircle.csproj", "{AD39E2F0-CF5E-4E47-AD97-920472A325E3}"
EndProject
Project("{FAE04EC0-301F-11D3-BF4B-00C04F79EFBC}") = "PrimeCheck", "PrimeCheck\PrimeCheck.csproj", "{3D5CEA7A-FFDA-425A-A097-6AAEA9D4E9AA}"
EndProject
Project("{FAE04EC0-301F-11D3-BF4B-00C04F79EFBC}") = "Trapezoids", "Trapezoids\Trapezoids.csproj", "{D076D640-CAEE-44CE-93C7-5C8E9C476975}"
EndProject
Project("{FAE04EC0-301F-11D3-BF4B-00C04F79EFBC}") = "CicleRectangleIO", "CicleRectangleIO\CicleRectangleIO.csproj", "{813C4A95-3748-4C3B-A5B2-E90442E8B2FD}"
EndProject
Project("{FAE04EC0-301F-11D3-BF4B-00C04F79EFBC}") = "ThirdBit", "ThirdBit\ThirdBit.csproj", "{B3976BAB-121E-4029-A196-7A846B1DD48C}"
EndProject
Global
	GlobalSection(SolutionConfigurationPlatforms) = preSolution
		Debug|Any CPU = Debug|Any CPU
		Release|Any CPU = Release|Any CPU
	EndGlobalSection
	GlobalSection(ProjectConfigurationPlatforms) = postSolution
		{B13D4818-FA6A-4295-A78A-4222091673F1}.Debug|Any CPU.ActiveCfg = Debug|Any CPU
		{B13D4818-FA6A-4295-A78A-4222091673F1}.Debug|Any CPU.Build.0 = Debug|Any CPU
		{B13D4818-FA6A-4295-A78A-4222091673F1}.Release|Any CPU.ActiveCfg = Release|Any CPU
		{B13D4818-FA6A-4295-A78A-4222091673F1}.Release|Any CPU.Build.0 = Release|Any CPU
		{E5486A26-D820-4968-A417-B1D543992C81}.Debug|Any CPU.ActiveCfg = Debug|Any CPU
		{E5486A26-D820-4968-A417-B1D543992C81}.Debug|Any CPU.Build.0 = Debug|Any CPU
		{E5486A26-D820-4968-A417-B1D543992C81}.Release|Any CPU.ActiveCfg = Release|Any CPU
		{E5486A26-D820-4968-A417-B1D543992C81}.Release|Any CPU.Build.0 = Release|Any CPU
		{74D42E6E-F379-46BD-B4CB-6D2896F30915}.Debug|Any CPU.ActiveCfg = Debug|Any CPU
		{74D42E6E-F379-46BD-B4CB-6D2896F30915}.Debug|Any CPU.Build.0 = Debug|Any CPU
		{74D42E6E-F379-46BD-B4CB-6D2896F30915}.Release|Any CPU.ActiveCfg = Release|Any CPU
		{74D42E6E-F379-46BD-B4CB-6D2896F30915}.Release|Any CPU.Build.0 = Release|Any CPU
		{6CFC2387-508B-479D-A625-104A679A124E}.Debug|Any CPU.ActiveCfg = Debug|Any CPU
		{6CFC2387-508B-479D-A625-104A679A124E}.Debug|Any CPU.Build.0 = Debug|Any CPU
		{6CFC2387-508B-479D-A625-104A679A124E}.Release|Any CPU.ActiveCfg = Release|Any CPU
		{6CFC2387-508B-479D-A625-104A679A124E}.Release|Any CPU.Build.0 = Release|Any CPU
		{A931D4FB-FF1B-47DB-A478-563DF65B4056}.Debug|Any CPU.ActiveCfg = Debug|Any CPU
		{A931D4FB-FF1B-47DB-A478-563DF65B4056}.Debug|Any CPU.Build.0 = Debug|Any CPU
		{A931D4FB-FF1B-47DB-A478-563DF65B4056}.Release|Any CPU.ActiveCfg = Release|Any CPU
		{A931D4FB-FF1B-47DB-A478-563DF65B4056}.Release|Any CPU.Build.0 = Release|Any CPU
		{EF9176AF-409C-4D40-8481-C02E03AFDD00}.Debug|Any CPU.ActiveCfg = Debug|Any CPU
		{EF9176AF-409C-4D40-8481-C02E03AFDD00}.Debug|Any CPU.Build.0 = Debug|Any CPU
		{EF9176AF-409C-4D40-8481-C02E03AFDD00}.Release|Any CPU.ActiveCfg = Release|Any CPU
		{EF9176AF-409C-4D40-8481-C02E03AFDD00}.Release|Any CPU.Build.0 = Release|Any CPU
		{AD39E2F0-CF5E-4E47-AD97-920472A325E3}.Debug|Any CPU.ActiveCfg = Debug|Any CPU
		{AD39E2F0-CF5E-4E47-AD97-920472A325E3}.Debug|Any CPU.Build.0 = Debug|Any CPU
		{AD39E2F0-CF5E-4E47-AD97-920472A325E3}.Release|Any CPU.ActiveCfg = Release|Any CPU
		{AD39E2F0-CF5E-4E47-AD97-920472A325E3}.Release|Any CPU.Build.0 = Release|Any CPU
		{3D5CEA7A-FFDA-425A-A097-6AAEA9D4E9AA}.Debug|Any CPU.ActiveCfg = Debug|Any CPU
		{3D5CEA7A-FFDA-425A-A097-6AAEA9D4E9AA}.Debug|Any CPU.Build.0 = Debug|Any CPU
		{3D5CEA7A-FFDA-425A-A097-6AAEA9D4E9AA}.Release|Any CPU.ActiveCfg = Release|Any CPU
		{3D5CEA7A-FFDA-425A-A097-6AAEA9D4E9AA}.Release|Any CPU.Build.0 = Release|Any CPU
		{D076D640-CAEE-44CE-93C7-5C8E9C476975}.Debug|Any CPU.ActiveCfg = Debug|Any CPU
		{D076D640-CAEE-44CE-93C7-5C8E9C476975}.Debug|Any CPU.Build.0 = Debug|Any CPU
		{D076D640-CAEE-44CE-93C7-5C8E9C476975}.Release|Any CPU.ActiveCfg = Release|Any CPU
		{D076D640-CAEE-44CE-93C7-5C8E9C476975}.Release|Any CPU.Build.0 = Release|Any CPU
		{813C4A95-3748-4C3B-A5B2-E90442E8B2FD}.Debug|Any CPU.ActiveCfg = Debug|Any CPU
		{813C4A95-3748-4C3B-A5B2-E90442E8B2FD}.Debug|Any CPU.Build.0 = Debug|Any CPU
		{813C4A95-3748-4C3B-A5B2-E90442E8B2FD}.Release|Any CPU.ActiveCfg = Release|Any CPU
		{813C4A95-3748-4C3B-A5B2-E90442E8B2FD}.Release|Any CPU.Build.0 = Release|Any CPU
		{B3976BAB-121E-4029-A196-7A846B1DD48C}.Debug|Any CPU.ActiveCfg = Debug|Any CPU
		{B3976BAB-121E-4029-A196-7A846B1DD48C}.Debug|Any CPU.Build.0 = Debug|Any CPU
		{B3976BAB-121E-4029-A196-7A846B1DD48C}.Release|Any CPU.ActiveCfg = Release|Any CPU
		{B3976BAB-121E-4029-A196-7A846B1DD48C}.Release|Any CPU.Build.0 = Release|Any CPU
	EndGlobalSection
	GlobalSection(SolutionProperties) = preSolution
		HideSolutionNode = FALSE
	EndGlobalSection
EndGlobal
